
Microsoft Visual Studio Solution File, Format Version 12.00
# Visual Studio 15
VisualStudioVersion = 15.0.28307.1169
MinimumVisualStudioVersion = 10.0.40219.1
Project("{8BC9CEB8-8B4A-11D0-8D11-00A0C91BC942}") = "Chemistry Hero", "Chemistry Hero\Chemistry Hero.vcxproj", "{315E1757-FFAC-4401-8597-95543D57921D}"
EndProject
Global
	GlobalSection(SolutionConfigurationPlatforms) = preSolution
		Debug|ARM = Debug|ARM
		Debug|ARM64 = Debug|ARM64
		Debug|x64 = Debug|x64
		Debug|x86 = Debug|x86
		Release|ARM = Release|ARM
		Release|ARM64 = Release|ARM64
		Release|x64 = Release|x64
		Release|x86 = Release|x86
	EndGlobalSection
	GlobalSection(ProjectConfigurationPlatforms) = postSolution
		{315E1757-FFAC-4401-8597-95543D57921D}.Debug|ARM.ActiveCfg = Debug|ARM
		{315E1757-FFAC-4401-8597-95543D57921D}.Debug|ARM.Build.0 = Debug|ARM
		{315E1757-FFAC-4401-8597-95543D57921D}.Debug|ARM.Deploy.0 = Debug|ARM
		{315E1757-FFAC-4401-8597-95543D57921D}.Debug|ARM64.ActiveCfg = Debug|ARM64
		{315E1757-FFAC-4401-8597-95543D57921D}.Debug|ARM64.Build.0 = Debug|ARM64
		{315E1757-FFAC-4401-8597-95543D57921D}.Debug|ARM64.Deploy.0 = Debug|ARM64
		{315E1757-FFAC-4401-8597-95543D57921D}.Debug|x64.ActiveCfg = Debug|x64
		{315E1757-FFAC-4401-8597-95543D57921D}.Debug|x64.Build.0 = Debug|x64
		{315E1757-FFAC-4401-8597-95543D57921D}.Debug|x64.Deploy.0 = Debug|x64
		{315E1757-FFAC-4401-8597-95543D57921D}.Debug|x86.ActiveCfg = Debug|Win32
		{315E1757-FFAC-4401-8597-95543D57921D}.Debug|x86.Build.0 = Debug|Win32
		{315E1757-FFAC-4401-8597-95543D57921D}.Debug|x86.Deploy.0 = Debug|Win32
		{315E1757-FFAC-4401-8597-95543D57921D}.Release|ARM.ActiveCfg = Release|ARM
		{315E1757-FFAC-4401-8597-95543D57921D}.Release|ARM.Build.0 = Release|ARM
		{315E1757-FFAC-4401-8597-95543D57921D}.Release|ARM.Deploy.0 = Release|ARM
		{315E1757-FFAC-4401-8597-95543D57921D}.Release|ARM64.ActiveCfg = Release|ARM64
		{315E1757-FFAC-4401-8597-95543D57921D}.Release|ARM64.Build.0 = Release|ARM64
		{315E1757-FFAC-4401-8597-95543D57921D}.Release|ARM64.Deploy.0 = Release|ARM64
		{315E1757-FFAC-4401-8597-95543D57921D}.Release|x64.ActiveCfg = Release|x64
		{315E1757-FFAC-4401-8597-95543D57921D}.Release|x64.Build.0 = Release|x64
		{315E1757-FFAC-4401-8597-95543D57921D}.Release|x64.Deploy.0 = Release|x64
		{315E1757-FFAC-4401-8597-95543D57921D}.Release|x86.ActiveCfg = Release|Win32
		{315E1757-FFAC-4401-8597-95543D57921D}.Release|x86.Build.0 = Release|Win32
		{315E1757-FFAC-4401-8597-95543D57921D}.Release|x86.Deploy.0 = Release|Win32
	EndGlobalSection
	GlobalSection(SolutionProperties) = preSolution
		HideSolutionNode = FALSE
	EndGlobalSection
	GlobalSection(ExtensibilityGlobals) = postSolution
		SolutionGuid = {16808F2E-317F-4AD5-9599-51A92B1D99F8}
	EndGlobalSection
EndGlobal
